
Microsoft Visual Studio Solution File, Format Version 12.00
# Visual Studio 15
VisualStudioVersion = 15.0.27130.2003
MinimumVisualStudioVersion = 10.0.40219.1
Project("{FAE04EC0-301F-11D3-BF4B-00C04F79EFBC}") = "StatePattern", "StatePattern\StatePattern.csproj", "{060C7130-CD75-4E27-909C-48591F272584}"
EndProject
Project("{FAE04EC0-301F-11D3-BF4B-00C04F79EFBC}") = "StatePatternTest", "StatePatternTest\StatePatternTest.csproj", "{15798360-375B-4121-8DDC-7F0686729B6A}"
EndProject
Global
	GlobalSection(SolutionConfigurationPlatforms) = preSolution
		Debug|Any CPU = Debug|Any CPU
		Release|Any CPU = Release|Any CPU
	EndGlobalSection
	GlobalSection(ProjectConfigurationPlatforms) = postSolution
		{060C7130-CD75-4E27-909C-48591F272584}.Debug|Any CPU.ActiveCfg = Debug|Any CPU
		{060C7130-CD75-4E27-909C-48591F272584}.Debug|Any CPU.Build.0 = Debug|Any CPU
		{060C7130-CD75-4E27-909C-48591F272584}.Release|Any CPU.ActiveCfg = Release|Any CPU
		{060C7130-CD75-4E27-909C-48591F272584}.Release|Any CPU.Build.0 = Release|Any CPU
		{15798360-375B-4121-8DDC-7F0686729B6A}.Debug|Any CPU.ActiveCfg = Debug|Any CPU
		{15798360-375B-4121-8DDC-7F0686729B6A}.Debug|Any CPU.Build.0 = Debug|Any CPU
		{15798360-375B-4121-8DDC-7F0686729B6A}.Release|Any CPU.ActiveCfg = Release|Any CPU
		{15798360-375B-4121-8DDC-7F0686729B6A}.Release|Any CPU.Build.0 = Release|Any CPU
	EndGlobalSection
	GlobalSection(SolutionProperties) = preSolution
		HideSolutionNode = FALSE
	EndGlobalSection
	GlobalSection(ExtensibilityGlobals) = postSolution
		SolutionGuid = {07657C31-CAA7-4E04-94D9-809F68B8E137}
	EndGlobalSection
EndGlobal
